<?xml version="1.0" encoding="utf-8"?>
<Project ToolsVersion="4.0" xmlns="http://schemas.microsoft.com/developer/msbuild/2003">
  <ItemGroup>
    <Filter Include="ECS">
      <UniqueIdentifier>{c22ab9c9-2a3a-4755-bd54-cd87e8831217}</UniqueIdentifier>
    </Filter>
    <Filter Include="SDL">
      <UniqueIdentifier>{93995380-89BD-4b04-88EB-625FBE52EBFB}</UniqueIdentifier>
      <Extensions>h;hh;hpp;hxx;h++;hm;inl;inc;ipp;xsd</Extensions>
    </Filter>
    <Filter Include="Utility">
      <UniqueIdentifier>{5230456c-fddb-49fb-9496-2f411554b4a0}</UniqueIdentifier>
    </Filter>
    <Filter Include="Framework">
      <UniqueIdentifier>{a87bc191-f8ff-4218-823d-4a6b21692881}</UniqueIdentifier>
    </Filter>
    <Filter Include="Core">
      <UniqueIdentifier>{81a63cb3-99db-4bf5-8d86-49f46cc1285e}</UniqueIdentifier>
    </Filter>
    <Filter Include="Framework\Components">
      <UniqueIdentifier>{6114154f-1656-4d5d-8a84-06e679376f64}</UniqueIdentifier>
    </Filter>
    <Filter Include="Framework\Systems">
      <UniqueIdentifier>{897f86fb-7b51-4db5-9ea0-47cb8c168559}</UniqueIdentifier>
    </Filter>
    <Filter Include="Utility\Memory">
      <UniqueIdentifier>{918ee5d2-9f72-4efe-94fa-3aa366b1d3fe}</UniqueIdentifier>
    </Filter>
    <Filter Include="ImGui">
      <UniqueIdentifier>{eae425db-76ec-4fc5-b83d-c7cfd4fb12dc}</UniqueIdentifier>
    </Filter>
    <Filter Include="Framework\AI">
      <UniqueIdentifier>{e405209b-d77c-4600-ab7c-9caff1d8a3aa}</UniqueIdentifier>
    </Filter>
  </ItemGroup>
  <ItemGroup>
    <ClInclude Include="Common.h">
      <Filter>Utility</Filter>
    </ClInclude>
    <ClInclude Include="Debug.h">
      <Filter>Utility</Filter>
    </ClInclude>
    <ClInclude Include="Core.h">
      <Filter>Core</Filter>
    </ClInclude>
    <ClInclude Include="Window.h">
      <Filter>SDL</Filter>
    </ClInclude>
    <ClInclude Include="Renderer.h">
      <Filter>SDL</Filter>
    </ClInclude>
    <ClInclude Include="EventHandler.h">
      <Filter>SDL</Filter>
    </ClInclude>
    <ClInclude Include="InputHandler.h">
      <Filter>SDL</Filter>
    </ClInclude>
    <ClInclude Include="Scene.h">
      <Filter>Framework</Filter>
    </ClInclude>
    <ClInclude Include="Timer.h">
      <Filter>SDL</Filter>
    </ClInclude>
    <ClInclude Include="ECS\CommonECS.h">
      <Filter>ECS</Filter>
    </ClInclude>
    <ClInclude Include="ECS\ComponentManager.h">
      <Filter>ECS</Filter>
    </ClInclude>
    <ClInclude Include="ECS\ECS.h">
      <Filter>ECS</Filter>
    </ClInclude>
    <ClInclude Include="ECS\EntityManager.h">
      <Filter>ECS</Filter>
    </ClInclude>
    <ClInclude Include="ECS\ISystem.h">
      <Filter>ECS</Filter>
    </ClInclude>
    <ClInclude Include="ECS\Query.h">
      <Filter>ECS</Filter>
    </ClInclude>
    <ClInclude Include="ECS\Registry.h">
      <Filter>ECS</Filter>
    </ClInclude>
    <ClInclude Include="ECS\SparseSet.h">
      <Filter>ECS</Filter>
    </ClInclude>
    <ClInclude Include="ECS\SystemManager.h">
      <Filter>ECS</Filter>
    </ClInclude>
    <ClInclude Include="TestScene.h">
      <Filter>Framework</Filter>
    </ClInclude>
    <ClInclude Include="Camera.h">
      <Filter>Framework</Filter>
    </ClInclude>
    <ClInclude Include="Transform.h">
      <Filter>Framework\Components</Filter>
    </ClInclude>
    <ClInclude Include="PlayerMovementSystem.h">
      <Filter>Framework\Systems</Filter>
    </ClInclude>
    <ClInclude Include="Player.h">
      <Filter>Framework\Components</Filter>
    </ClInclude>
    <ClInclude Include="Timing.h">
      <Filter>Utility</Filter>
    </ClInclude>
    <ClInclude Include="MemoryManager.h">
      <Filter>Utility\Memory</Filter>
    </ClInclude>
    <ClInclude Include="MemoryTracker.h">
      <Filter>Utility\Memory</Filter>
    </ClInclude>
    <ClInclude Include="SDLTypes.h">
      <Filter>SDL</Filter>
    </ClInclude>
    <ClInclude Include="GUI.h">
      <Filter>ImGui</Filter>
    </ClInclude>
    <ClInclude Include="..\libs\ImGui\imconfig.h">
      <Filter>ImGui</Filter>
    </ClInclude>
    <ClInclude Include="..\libs\ImGui\imgui.h">
      <Filter>ImGui</Filter>
    </ClInclude>
    <ClInclude Include="..\libs\ImGui\imgui_impl_sdl2.h">
      <Filter>ImGui</Filter>
    </ClInclude>
    <ClInclude Include="..\libs\ImGui\imgui_impl_sdlrenderer2.h">
      <Filter>ImGui</Filter>
    </ClInclude>
    <ClInclude Include="..\libs\ImGui\imgui_internal.h">
      <Filter>ImGui</Filter>
    </ClInclude>
    <ClInclude Include="..\libs\ImGui\imstb_rectpack.h">
      <Filter>ImGui</Filter>
    </ClInclude>
    <ClInclude Include="..\libs\ImGui\imstb_textedit.h">
      <Filter>ImGui</Filter>
    </ClInclude>
    <ClInclude Include="..\libs\ImGui\imstb_truetype.h">
      <Filter>ImGui</Filter>
    </ClInclude>
    <ClInclude Include="Body.h">
      <Filter>Framework\Components</Filter>
    </ClInclude>
    <ClInclude Include="BodySystem.h">
      <Filter>Framework\Systems</Filter>
    </ClInclude>
    <ClInclude Include="SteeringOutput.h">
      <Filter>Framework\AI</Filter>
    </ClInclude>
    <ClInclude Include="AIBehaviors.h">
      <Filter>Framework\AI</Filter>
    </ClInclude>
    <ClInclude Include="AI.h">
      <Filter>Framework\Components</Filter>
    </ClInclude>
    <ClInclude Include="AISystem.h">
      <Filter>Framework\Systems</Filter>
    </ClInclude>
    <ClInclude Include="SteeringSystem.h">
      <Filter>Framework\Systems</Filter>
    </ClInclude>
  </ItemGroup>
  <ItemGroup>
    <ClCompile Include="Debug.cpp">
      <Filter>Utility</Filter>
    </ClCompile>
    <ClCompile Include="Core.cpp">
      <Filter>Core</Filter>
    </ClCompile>
    <ClCompile Include="Window.cpp">
      <Filter>SDL</Filter>
    </ClCompile>
    <ClCompile Include="Renderer.cpp">
      <Filter>SDL</Filter>
    </ClCompile>
    <ClCompile Include="EventHandler.cpp">
      <Filter>SDL</Filter>
    </ClCompile>
    <ClCompile Include="InputHandler.cpp">
      <Filter>SDL</Filter>
    </ClCompile>
    <ClCompile Include="Timer.cpp">
      <Filter>SDL</Filter>
    </ClCompile>
    <ClCompile Include="ECS\ComponentManager.cpp">
      <Filter>ECS</Filter>
    </ClCompile>
    <ClCompile Include="ECS\ECS.cpp">
      <Filter>ECS</Filter>
    </ClCompile>
    <ClCompile Include="ECS\EntityManager.cpp">
      <Filter>ECS</Filter>
    </ClCompile>
    <ClCompile Include="ECS\Query.cpp">
      <Filter>ECS</Filter>
    </ClCompile>
    <ClCompile Include="ECS\Registry.cpp">
      <Filter>ECS</Filter>
    </ClCompile>
    <ClCompile Include="ECS\SparseSet.cpp">
      <Filter>ECS</Filter>
    </ClCompile>
    <ClCompile Include="ECS\SystemManager.cpp">
      <Filter>ECS</Filter>
    </ClCompile>
    <ClCompile Include="TestScene.cpp">
      <Filter>Framework</Filter>
    </ClCompile>
    <ClCompile Include="Main.cpp">
      <Filter>Core</Filter>
    </ClCompile>
    <ClCompile Include="Camera.cpp">
      <Filter>Framework</Filter>
    </ClCompile>
    <ClCompile Include="PlayerMovementSystem.cpp">
      <Filter>Framework\Systems</Filter>
    </ClCompile>
    <ClCompile Include="MemoryManager.cpp">
      <Filter>Utility\Memory</Filter>
    </ClCompile>
    <ClCompile Include="MemoryTracker.cpp">
      <Filter>Utility\Memory</Filter>
    </ClCompile>
    <ClCompile Include="SDLTypes.cpp">
      <Filter>SDL</Filter>
    </ClCompile>
    <ClCompile Include="GUI.cpp">
      <Filter>ImGui</Filter>
    </ClCompile>
    <ClCompile Include="..\libs\ImGui\imgui.cpp">
      <Filter>ImGui</Filter>
    </ClCompile>
    <ClCompile Include="..\libs\ImGui\imgui_demo.cpp">
      <Filter>ImGui</Filter>
    </ClCompile>
    <ClCompile Include="..\libs\ImGui\imgui_draw.cpp">
      <Filter>ImGui</Filter>
    </ClCompile>
    <ClCompile Include="..\libs\ImGui\imgui_impl_sdl2.cpp">
      <Filter>ImGui</Filter>
    </ClCompile>
    <ClCompile Include="..\libs\ImGui\imgui_impl_sdlrenderer2.cpp">
      <Filter>ImGui</Filter>
    </ClCompile>
    <ClCompile Include="..\libs\ImGui\imgui_tables.cpp">
      <Filter>ImGui</Filter>
    </ClCompile>
    <ClCompile Include="..\libs\ImGui\imgui_widgets.cpp">
      <Filter>ImGui</Filter>
    </ClCompile>
    <ClCompile Include="BodySystem.cpp">
      <Filter>Framework\Systems</Filter>
    </ClCompile>
    <ClCompile Include="AISystem.cpp">
      <Filter>Framework\Systems</Filter>
    </ClCompile>
    <ClCompile Include="AIBehaviors.cpp">
      <Filter>Framework\AI</Filter>
    </ClCompile>
    <ClCompile Include="SteeringSystem.cpp">
      <Filter>Framework\Systems</Filter>
    </ClCompile>
  </ItemGroup>
</Project>